
Microsoft Visual Studio Solution File, Format Version 12.00
# Visual Studio Version 17
VisualStudioVersion = 17.9.34616.47
MinimumVisualStudioVersion = 10.0.40219.1
Project("{FAE04EC0-301F-11D3-BF4B-00C04F79EFBC}") = "instagramTakipciKontrol", "instagramTakipciKontrol\instagramTakipciKontrol.csproj", "{21EAD7F4-CB83-4612-BC5E-88E1ED9CD4A5}"
EndProject
Global
	GlobalSection(SolutionConfigurationPlatforms) = preSolution
		Debug|Any CPU = Debug|Any CPU
		Release|Any CPU = Release|Any CPU
	EndGlobalSection
	GlobalSection(ProjectConfigurationPlatforms) = postSolution
		{21EAD7F4-CB83-4612-BC5E-88E1ED9CD4A5}.Debug|Any CPU.ActiveCfg = Debug|Any CPU
		{21EAD7F4-CB83-4612-BC5E-88E1ED9CD4A5}.Debug|Any CPU.Build.0 = Debug|Any CPU
		{21EAD7F4-CB83-4612-BC5E-88E1ED9CD4A5}.Release|Any CPU.ActiveCfg = Release|Any CPU
		{21EAD7F4-CB83-4612-BC5E-88E1ED9CD4A5}.Release|Any CPU.Build.0 = Release|Any CPU
	EndGlobalSection
	GlobalSection(SolutionProperties) = preSolution
		HideSolutionNode = FALSE
	EndGlobalSection
	GlobalSection(ExtensibilityGlobals) = postSolution
		SolutionGuid = {CCA49240-DF2D-422A-A55F-BB71C7F4FF37}
	EndGlobalSection
EndGlobal
